// !$*UTF8*$!
{
	archiveVersion = 1;
	classes = {
	};
	objectVersion = 56;
	objects = {

/* Begin PBXBuildFile section */
		469896AD29F447C200AF007D /* NSScreen+Extensions.swift in Sources */ = {isa = PBXBuildFile; fileRef = 469896AC29F447C200AF007D /* NSScreen+Extensions.swift */; };
		469896B029F44BC600AF007D /* ExpandedViewController.swift in Sources */ = {isa = PBXBuildFile; fileRef = 469896AF29F44BC600AF007D /* ExpandedViewController.swift */; };
		469896B329F452A100AF007D /* Constants.swift in Sources */ = {isa = PBXBuildFile; fileRef = 469896B229F452A100AF007D /* Constants.swift */; };
		469896B529F45E8600AF007D /* Main.storyboard in Resources */ = {isa = PBXBuildFile; fileRef = 469896B429F45E8600AF007D /* Main.storyboard */; };
		46FBF39B29F413F100082B99 /* AppDelegate.swift in Sources */ = {isa = PBXBuildFile; fileRef = 46FBF39A29F413F100082B99 /* AppDelegate.swift */; };
		46FBF39F29F413F300082B99 /* Assets.xcassets in Resources */ = {isa = PBXBuildFile; fileRef = 46FBF39E29F413F300082B99 /* Assets.xcassets */; };
		46FBF3AB29F414F300082B99 /* ProductMenu.swift in Sources */ = {isa = PBXBuildFile; fileRef = 46FBF3AA29F414F300082B99 /* ProductMenu.swift */; };
		46FBF3AE29F419CC00082B99 /* ProductPanel.swift in Sources */ = {isa = PBXBuildFile; fileRef = 46FBF3AD29F419CC00082B99 /* ProductPanel.swift */; };
/* End PBXBuildFile section */

/* Begin PBXFileReference section */
		469896AC29F447C200AF007D /* NSScreen+Extensions.swift */ = {isa = PBXFileReference; lastKnownFileType = sourcecode.swift; path = "NSScreen+Extensions.swift"; sourceTree = "<group>"; };
		469896AF29F44BC600AF007D /* ExpandedViewController.swift */ = {isa = PBXFileReference; lastKnownFileType = sourcecode.swift; path = ExpandedViewController.swift; sourceTree = "<group>"; };
		469896B229F452A100AF007D /* Constants.swift */ = {isa = PBXFileReference; lastKnownFileType = sourcecode.swift; path = Constants.swift; sourceTree = "<group>"; };
		469896B429F45E8600AF007D /* Main.storyboard */ = {isa = PBXFileReference; fileEncoding = 4; lastKnownFileType = file.storyboard; path = Main.storyboard; sourceTree = "<group>"; };
		46FBF39729F413F100082B99 /* GPT-Panel.app */ = {isa = PBXFileReference; explicitFileType = wrapper.application; includeInIndex = 0; path = "GPT-Panel.app"; sourceTree = BUILT_PRODUCTS_DIR; };
		46FBF39A29F413F100082B99 /* AppDelegate.swift */ = {isa = PBXFileReference; lastKnownFileType = sourcecode.swift; path = AppDelegate.swift; sourceTree = "<group>"; };
		46FBF39E29F413F300082B99 /* Assets.xcassets */ = {isa = PBXFileReference; lastKnownFileType = folder.assetcatalog; path = Assets.xcassets; sourceTree = "<group>"; };
		46FBF3A329F413F300082B99 /* GPT_Panel.entitlements */ = {isa = PBXFileReference; lastKnownFileType = text.plist.entitlements; path = GPT_Panel.entitlements; sourceTree = "<group>"; };
		46FBF3AA29F414F300082B99 /* ProductMenu.swift */ = {isa = PBXFileReference; lastKnownFileType = sourcecode.swift; path = ProductMenu.swift; sourceTree = "<group>"; };
		46FBF3AD29F419CC00082B99 /* ProductPanel.swift */ = {isa = PBXFileReference; lastKnownFileType = sourcecode.swift; path = ProductPanel.swift; sourceTree = "<group>"; };
/* End PBXFileReference section */

/* Begin PBXFrameworksBuildPhase section */
		46FBF39429F413F100082B99 /* Frameworks */ = {
			isa = PBXFrameworksBuildPhase;
			buildActionMask = 2147483647;
			files = (
			);
			runOnlyForDeploymentPostprocessing = 0;
		};
/* End PBXFrameworksBuildPhase section */

/* Begin PBXGroup section */
		469896AB29F447B500AF007D /* Extensions */ = {
			isa = PBXGroup;
			children = (
				469896AC29F447C200AF007D /* NSScreen+Extensions.swift */,
			);
			path = Extensions;
			sourceTree = "<group>";
		};
		469896AE29F44BBB00AF007D /* ViewControllers */ = {
			isa = PBXGroup;
			children = (
				469896AF29F44BC600AF007D /* ExpandedViewController.swift */,
			);
			path = ViewControllers;
			sourceTree = "<group>";
		};
		469896B129F4529600AF007D /* Constants */ = {
			isa = PBXGroup;
			children = (
				469896B229F452A100AF007D /* Constants.swift */,
			);
			path = Constants;
			sourceTree = "<group>";
		};
		46FBF38E29F413F100082B99 = {
			isa = PBXGroup;
			children = (
				46FBF39929F413F100082B99 /* GPT-Panel */,
				46FBF39829F413F100082B99 /* Products */,
			);
			sourceTree = "<group>";
		};
		46FBF39829F413F100082B99 /* Products */ = {
			isa = PBXGroup;
			children = (
				46FBF39729F413F100082B99 /* GPT-Panel.app */,
			);
			name = Products;
			sourceTree = "<group>";
		};
		46FBF39929F413F100082B99 /* GPT-Panel */ = {
			isa = PBXGroup;
			children = (
				469896B129F4529600AF007D /* Constants */,
				469896AE29F44BBB00AF007D /* ViewControllers */,
				469896AB29F447B500AF007D /* Extensions */,
				46FBF3AC29F419B900082B99 /* View */,
				46FBF3A929F414E200082B99 /* Menus */,
				46FBF39A29F413F100082B99 /* AppDelegate.swift */,
				46FBF39E29F413F300082B99 /* Assets.xcassets */,
				46FBF3A329F413F300082B99 /* GPT_Panel.entitlements */,
				469896B429F45E8600AF007D /* Main.storyboard */,
			);
			path = "GPT-Panel";
			sourceTree = "<group>";
		};
		46FBF3A929F414E200082B99 /* Menus */ = {
			isa = PBXGroup;
			children = (
				46FBF3AA29F414F300082B99 /* ProductMenu.swift */,
			);
			path = Menus;
			sourceTree = "<group>";
		};
		46FBF3AC29F419B900082B99 /* View */ = {
			isa = PBXGroup;
			children = (
				46FBF3AD29F419CC00082B99 /* ProductPanel.swift */,
			);
			path = View;
			sourceTree = "<group>";
		};
/* End PBXGroup section */

/* Begin PBXNativeTarget section */
		46FBF39629F413F100082B99 /* GPT-Panel */ = {
			isa = PBXNativeTarget;
			buildConfigurationList = 46FBF3A629F413F300082B99 /* Build configuration list for PBXNativeTarget "GPT-Panel" */;
			buildPhases = (
				46FBF39329F413F100082B99 /* Sources */,
				46FBF39429F413F100082B99 /* Frameworks */,
				46FBF39529F413F100082B99 /* Resources */,
			);
			buildRules = (
			);
			dependencies = (
			);
			name = "GPT-Panel";
			productName = "GPT-Panel";
			productReference = 46FBF39729F413F100082B99 /* GPT-Panel.app */;
			productType = "com.apple.product-type.application";
		};
/* End PBXNativeTarget section */

/* Begin PBXProject section */
		46FBF38F29F413F100082B99 /* Project object */ = {
			isa = PBXProject;
			attributes = {
				BuildIndependentTargetsInParallel = 1;
				LastSwiftUpdateCheck = 1410;
				LastUpgradeCheck = 1410;
				TargetAttributes = {
					46FBF39629F413F100082B99 = {
						CreatedOnToolsVersion = 14.1;
					};
				};
			};
			buildConfigurationList = 46FBF39229F413F100082B99 /* Build configuration list for PBXProject "GPT-Panel" */;
			compatibilityVersion = "Xcode 14.0";
			developmentRegion = en;
			hasScannedForEncodings = 0;
			knownRegions = (
				en,
				Base,
			);
			mainGroup = 46FBF38E29F413F100082B99;
			productRefGroup = 46FBF39829F413F100082B99 /* Products */;
			projectDirPath = "";
			projectRoot = "";
			targets = (
				46FBF39629F413F100082B99 /* GPT-Panel */,
			);
		};
/* End PBXProject section */

/* Begin PBXResourcesBuildPhase section */
		46FBF39529F413F100082B99 /* Resources */ = {
			isa = PBXResourcesBuildPhase;
			buildActionMask = 2147483647;
			files = (
				46FBF39F29F413F300082B99 /* Assets.xcassets in Resources */,
				469896B529F45E8600AF007D /* Main.storyboard in Resources */,
			);
			runOnlyForDeploymentPostprocessing = 0;
		};
/* End PBXResourcesBuildPhase section */

/* Begin PBXSourcesBuildPhase section */
		46FBF39329F413F100082B99 /* Sources */ = {
			isa = PBXSourcesBuildPhase;
			buildActionMask = 2147483647;
			files = (
				46FBF3AB29F414F300082B99 /* ProductMenu.swift in Sources */,
				469896B029F44BC600AF007D /* ExpandedViewController.swift in Sources */,
				469896AD29F447C200AF007D /* NSScreen+Extensions.swift in Sources */,
				46FBF3AE29F419CC00082B99 /* ProductPanel.swift in Sources */,
				46FBF39B29F413F100082B99 /* AppDelegate.swift in Sources */,
				469896B329F452A100AF007D /* Constants.swift in Sources */,
			);
			runOnlyForDeploymentPostprocessing = 0;
		};
/* End PBXSourcesBuildPhase section */

/* Begin XCBuildConfiguration section */
		46FBF3A429F413F300082B99 /* Debug */ = {
			isa = XCBuildConfiguration;
			buildSettings = {
				ALWAYS_SEARCH_USER_PATHS = NO;
				CLANG_ANALYZER_NONNULL = YES;
				CLANG_ANALYZER_NUMBER_OBJECT_CONVERSION = YES_AGGRESSIVE;
				CLANG_CXX_LANGUAGE_STANDARD = "gnu++20";
				CLANG_ENABLE_MODULES = YES;
				CLANG_ENABLE_OBJC_ARC = YES;
				CLANG_ENABLE_OBJC_WEAK = YES;
				CLANG_WARN_BLOCK_CAPTURE_AUTORELEASING = YES;
				CLANG_WARN_BOOL_CONVERSION = YES;
				CLANG_WARN_COMMA = YES;
				CLANG_WARN_CONSTANT_CONVERSION = YES;
				CLANG_WARN_DEPRECATED_OBJC_IMPLEMENTATIONS = YES;
				CLANG_WARN_DIRECT_OBJC_ISA_USAGE = YES_ERROR;
				CLANG_WARN_DOCUMENTATION_COMMENTS = YES;
				CLANG_WARN_EMPTY_BODY = YES;
				CLANG_WARN_ENUM_CONVERSION = YES;
				CLANG_WARN_INFINITE_RECURSION = YES;
				CLANG_WARN_INT_CONVERSION = YES;
				CLANG_WARN_NON_LITERAL_NULL_CONVERSION = YES;
				CLANG_WARN_OBJC_IMPLICIT_RETAIN_SELF = YES;
				CLANG_WARN_OBJC_LITERAL_CONVERSION = YES;
				CLANG_WARN_OBJC_ROOT_CLASS = YES_ERROR;
				CLANG_WARN_QUOTED_INCLUDE_IN_FRAMEWORK_HEADER = YES;
				CLANG_WARN_RANGE_LOOP_ANALYSIS = YES;
				CLANG_WARN_STRICT_PROTOTYPES = YES;
				CLANG_WARN_SUSPICIOUS_MOVE = YES;
				CLANG_WARN_UNGUARDED_AVAILABILITY = YES_AGGRESSIVE;
				CLANG_WARN_UNREACHABLE_CODE = YES;
				CLANG_WARN__DUPLICATE_METHOD_MATCH = YES;
				COPY_PHASE_STRIP = NO;
				DEBUG_INFORMATION_FORMAT = dwarf;
				ENABLE_STRICT_OBJC_MSGSEND = YES;
				ENABLE_TESTABILITY = YES;
				GCC_C_LANGUAGE_STANDARD = gnu11;
				GCC_DYNAMIC_NO_PIC = NO;
				GCC_NO_COMMON_BLOCKS = YES;
				GCC_OPTIMIZATION_LEVEL = 0;
				GCC_PREPROCESSOR_DEFINITIONS = (
					"DEBUG=1",
					"$(inherited)",
				);
				GCC_WARN_64_TO_32_BIT_CONVERSION = YES;
				GCC_WARN_ABOUT_RETURN_TYPE = YES_ERROR;
				GCC_WARN_UNDECLARED_SELECTOR = YES;
				GCC_WARN_UNINITIALIZED_AUTOS = YES_AGGRESSIVE;
				GCC_WARN_UNUSED_FUNCTION = YES;
				GCC_WARN_UNUSED_VARIABLE = YES;
				MACOSX_DEPLOYMENT_TARGET = 13.0;
				MTL_ENABLE_DEBUG_INFO = INCLUDE_SOURCE;
				MTL_FAST_MATH = YES;
				ONLY_ACTIVE_ARCH = YES;
				SDKROOT = macosx;
				SWIFT_ACTIVE_COMPILATION_CONDITIONS = DEBUG;
				SWIFT_OPTIMIZATION_LEVEL = "-Onone";
			};
			name = Debug;
		};
		46FBF3A529F413F300082B99 /* Release */ = {
			isa = XCBuildConfiguration;
			buildSettings = {
				ALWAYS_SEARCH_USER_PATHS = NO;
				CLANG_ANALYZER_NONNULL = YES;
				CLANG_ANALYZER_NUMBER_OBJECT_CONVERSION = YES_AGGRESSIVE;
				CLANG_CXX_LANGUAGE_STANDARD = "gnu++20";
				CLANG_ENABLE_MODULES = YES;
				CLANG_ENABLE_OBJC_ARC = YES;
				CLANG_ENABLE_OBJC_WEAK = YES;
				CLANG_WARN_BLOCK_CAPTURE_AUTORELEASING = YES;
				CLANG_WARN_BOOL_CONVERSION = YES;
				CLANG_WARN_COMMA = YES;
				CLANG_WARN_CONSTANT_CONVERSION = YES;
				CLANG_WARN_DEPRECATED_OBJC_IMPLEMENTATIONS = YES;
				CLANG_WARN_DIRECT_OBJC_ISA_USAGE = YES_ERROR;
				CLANG_WARN_DOCUMENTATION_COMMENTS = YES;
				CLANG_WARN_EMPTY_BODY = YES;
				CLANG_WARN_ENUM_CONVERSION = YES;
				CLANG_WARN_INFINITE_RECURSION = YES;
				CLANG_WARN_INT_CONVERSION = YES;
				CLANG_WARN_NON_LITERAL_NULL_CONVERSION = YES;
				CLANG_WARN_OBJC_IMPLICIT_RETAIN_SELF = YES;
				CLANG_WARN_OBJC_LITERAL_CONVERSION = YES;
				CLANG_WARN_OBJC_ROOT_CLASS = YES_ERROR;
				CLANG_WARN_QUOTED_INCLUDE_IN_FRAMEWORK_HEADER = YES;
				CLANG_WARN_RANGE_LOOP_ANALYSIS = YES;
				CLANG_WARN_STRICT_PROTOTYPES = YES;
				CLANG_WARN_SUSPICIOUS_MOVE = YES;
				CLANG_WARN_UNGUARDED_AVAILABILITY = YES_AGGRESSIVE;
				CLANG_WARN_UNREACHABLE_CODE = YES;
				CLANG_WARN__DUPLICATE_METHOD_MATCH = YES;
				COPY_PHASE_STRIP = NO;
				DEBUG_INFORMATION_FORMAT = "dwarf-with-dsym";
				ENABLE_NS_ASSERTIONS = NO;
				ENABLE_STRICT_OBJC_MSGSEND = YES;
				GCC_C_LANGUAGE_STANDARD = gnu11;
				GCC_NO_COMMON_BLOCKS = YES;
				GCC_WARN_64_TO_32_BIT_CONVERSION = YES;
				GCC_WARN_ABOUT_RETURN_TYPE = YES_ERROR;
				GCC_WARN_UNDECLARED_SELECTOR = YES;
				GCC_WARN_UNINITIALIZED_AUTOS = YES_AGGRESSIVE;
				GCC_WARN_UNUSED_FUNCTION = YES;
				GCC_WARN_UNUSED_VARIABLE = YES;
				MACOSX_DEPLOYMENT_TARGET = 13.0;
				MTL_ENABLE_DEBUG_INFO = NO;
				MTL_FAST_MATH = YES;
				SDKROOT = macosx;
				SWIFT_COMPILATION_MODE = wholemodule;
				SWIFT_OPTIMIZATION_LEVEL = "-O";
			};
			name = Release;
		};
		46FBF3A729F413F300082B99 /* Debug */ = {
			isa = XCBuildConfiguration;
			buildSettings = {
				ASSETCATALOG_COMPILER_APPICON_NAME = AppIcon;
				ASSETCATALOG_COMPILER_GLOBAL_ACCENT_COLOR_NAME = AccentColor;
				CODE_SIGN_ENTITLEMENTS = "GPT-Panel/GPT_Panel.entitlements";
				CODE_SIGN_STYLE = Automatic;
				COMBINE_HIDPI_IMAGES = YES;
				CURRENT_PROJECT_VERSION = 1;
				DEVELOPMENT_TEAM = A8RYH4FTQV;
				ENABLE_HARDENED_RUNTIME = YES;
				GENERATE_INFOPLIST_FILE = YES;
				INFOPLIST_KEY_NSHumanReadableCopyright = "";
				INFOPLIST_KEY_NSMainStoryboardFile = Main;
				INFOPLIST_KEY_NSPrincipalClass = NSApplication;
				LD_RUNPATH_SEARCH_PATHS = (
					"$(inherited)",
					"@executable_path/../Frameworks",
				);
				MARKETING_VERSION = 1.0;
				PRODUCT_BUNDLE_IDENTIFIER = "com.meatlanosrep.GPT-Panel";
				PRODUCT_NAME = "$(TARGET_NAME)";
				SWIFT_EMIT_LOC_STRINGS = YES;
				SWIFT_VERSION = 5.0;
			};
			name = Debug;
		};
		46FBF3A829F413F300082B99 /* Release */ = {
			isa = XCBuildConfiguration;
			buildSettings = {
				ASSETCATALOG_COMPILER_APPICON_NAME = AppIcon;
				ASSETCATALOG_COMPILER_GLOBAL_ACCENT_COLOR_NAME = AccentColor;
				CODE_SIGN_ENTITLEMENTS = "GPT-Panel/GPT_Panel.entitlements";
				CODE_SIGN_STYLE = Automatic;
				COMBINE_HIDPI_IMAGES = YES;
				CURRENT_PROJECT_VERSION = 1;
				DEVELOPMENT_TEAM = A8RYH4FTQV;
				ENABLE_HARDENED_RUNTIME = YES;
				GENERATE_INFOPLIST_FILE = YES;
				INFOPLIST_KEY_NSHumanReadableCopyright = "";
				INFOPLIST_KEY_NSMainStoryboardFile = Main;
				INFOPLIST_KEY_NSPrincipalClass = NSApplication;
				LD_RUNPATH_SEARCH_PATHS = (
					"$(inherited)",
					"@executable_path/../Frameworks",
				);
				MARKETING_VERSION = 1.0;
				PRODUCT_BUNDLE_IDENTIFIER = "com.meatlanosrep.GPT-Panel";
				PRODUCT_NAME = "$(TARGET_NAME)";
				SWIFT_EMIT_LOC_STRINGS = YES;
				SWIFT_VERSION = 5.0;
			};
			name = Release;
		};
/* End XCBuildConfiguration section */

/* Begin XCConfigurationList section */
		46FBF39229F413F100082B99 /* Build configuration list for PBXProject "GPT-Panel" */ = {
			isa = XCConfigurationList;
			buildConfigurations = (
				46FBF3A429F413F300082B99 /* Debug */,
				46FBF3A529F413F300082B99 /* Release */,
			);
			defaultConfigurationIsVisible = 0;
			defaultConfigurationName = Release;
		};
		46FBF3A629F413F300082B99 /* Build configuration list for PBXNativeTarget "GPT-Panel" */ = {
			isa = XCConfigurationList;
			buildConfigurations = (
				46FBF3A729F413F300082B99 /* Debug */,
				46FBF3A829F413F300082B99 /* Release */,
			);
			defaultConfigurationIsVisible = 0;
			defaultConfigurationName = Release;
		};
/* End XCConfigurationList section */
	};
	rootObject = 46FBF38F29F413F100082B99 /* Project object */;
}
